
Microsoft Visual Studio Solution File, Format Version 12.00
# Visual Studio 15
VisualStudioVersion = 15.0.27703.2018
MinimumVisualStudioVersion = 10.0.40219.1
Project("{FAE04EC0-301F-11D3-BF4B-00C04F79EFBC}") = "F1Race", "F1Race\F1Race.csproj", "{3851458E-A824-4953-87FD-D738D0320045}"
EndProject
Global
	GlobalSection(SolutionConfigurationPlatforms) = preSolution
		Debug|Any CPU = Debug|Any CPU
		Release|Any CPU = Release|Any CPU
	EndGlobalSection
	GlobalSection(ProjectConfigurationPlatforms) = postSolution
		{3851458E-A824-4953-87FD-D738D0320045}.Debug|Any CPU.ActiveCfg = Debug|Any CPU
		{3851458E-A824-4953-87FD-D738D0320045}.Debug|Any CPU.Build.0 = Debug|Any CPU
		{3851458E-A824-4953-87FD-D738D0320045}.Release|Any CPU.ActiveCfg = Release|Any CPU
		{3851458E-A824-4953-87FD-D738D0320045}.Release|Any CPU.Build.0 = Release|Any CPU
	EndGlobalSection
	GlobalSection(SolutionProperties) = preSolution
		HideSolutionNode = FALSE
	EndGlobalSection
	GlobalSection(ExtensibilityGlobals) = postSolution
		SolutionGuid = {A1FA7216-34F6-4B97-8CDC-9D0501B82D2E}
	EndGlobalSection
EndGlobal
