
Microsoft Visual Studio Solution File, Format Version 12.00
# Visual Studio 15
VisualStudioVersion = 15.0.27703.2018
MinimumVisualStudioVersion = 10.0.40219.1
Project("{FAE04EC0-301F-11D3-BF4B-00C04F79EFBC}") = "Songs", "Songs\Songs.csproj", "{8D17B205-982A-4064-BB6A-A0C3849556CB}"
EndProject
Global
	GlobalSection(SolutionConfigurationPlatforms) = preSolution
		Debug|Any CPU = Debug|Any CPU
		Release|Any CPU = Release|Any CPU
	EndGlobalSection
	GlobalSection(ProjectConfigurationPlatforms) = postSolution
		{8D17B205-982A-4064-BB6A-A0C3849556CB}.Debug|Any CPU.ActiveCfg = Debug|Any CPU
		{8D17B205-982A-4064-BB6A-A0C3849556CB}.Debug|Any CPU.Build.0 = Debug|Any CPU
		{8D17B205-982A-4064-BB6A-A0C3849556CB}.Release|Any CPU.ActiveCfg = Release|Any CPU
		{8D17B205-982A-4064-BB6A-A0C3849556CB}.Release|Any CPU.Build.0 = Release|Any CPU
	EndGlobalSection
	GlobalSection(SolutionProperties) = preSolution
		HideSolutionNode = FALSE
	EndGlobalSection
	GlobalSection(ExtensibilityGlobals) = postSolution
		SolutionGuid = {A19BB4E9-6D84-447C-8FAE-14146FC44403}
	EndGlobalSection
EndGlobal
